Microsoft Visual Studio Solution File, Format Version 12.00
# Visual Studio Version 17
VisualStudioVersion = 17.5.2.0
MinimumVisualStudioVersion = 10.0.40219.1
Project("{FAE04EC0-301F-11D3-BF4B-00C04F79EFBC}") = "Securibox.FacturX", "Securibox.FacturX.csproj", "{6FFFBEC9-42FB-9B40-B330-5BCF8790C3E8}"
EndProject
Global
	GlobalSection(SolutionConfigurationPlatforms) = preSolution
		Debug|Any CPU = Debug|Any CPU
		Release|Any CPU = Release|Any CPU
	EndGlobalSection
	GlobalSection(ProjectConfigurationPlatforms) = postSolution
		{6FFFBEC9-42FB-9B40-B330-5BCF8790C3E8}.Debug|Any CPU.ActiveCfg = Debug|Any CPU
		{6FFFBEC9-42FB-9B40-B330-5BCF8790C3E8}.Debug|Any CPU.Build.0 = Debug|Any CPU
		{6FFFBEC9-42FB-9B40-B330-5BCF8790C3E8}.Release|Any CPU.ActiveCfg = Release|Any CPU
		{6FFFBEC9-42FB-9B40-B330-5BCF8790C3E8}.Release|Any CPU.Build.0 = Release|Any CPU
	EndGlobalSection
	GlobalSection(SolutionProperties) = preSolution
		HideSolutionNode = FALSE
	EndGlobalSection
	GlobalSection(ExtensibilityGlobals) = postSolution
		SolutionGuid = {AEBD4249-B115-459D-8AF9-3A2A9E7481B4}
	EndGlobalSection
EndGlobal
